
Microsoft Visual Studio Solution File, Format Version 12.00
# Visual Studio Version 16
VisualStudioVersion = 16.0.30413.136
MinimumVisualStudioVersion = 10.0.40219.1
Project("{FAE04EC0-301F-11D3-BF4B-00C04F79EFBC}") = "MultiAndAccum - Megan Ostrander", "MultiAndAccum - Megan Ostrander.csproj", "{6FAC74F5-FB43-40F8-A9F8-57B2BD88DA8E}"
EndProject
Global
	GlobalSection(SolutionConfigurationPlatforms) = preSolution
		Debug|Any CPU = Debug|Any CPU
		Release|Any CPU = Release|Any CPU
	EndGlobalSection
	GlobalSection(ProjectConfigurationPlatforms) = postSolution
		{6FAC74F5-FB43-40F8-A9F8-57B2BD88DA8E}.Debug|Any CPU.ActiveCfg = Debug|Any CPU
		{6FAC74F5-FB43-40F8-A9F8-57B2BD88DA8E}.Debug|Any CPU.Build.0 = Debug|Any CPU
		{6FAC74F5-FB43-40F8-A9F8-57B2BD88DA8E}.Release|Any CPU.ActiveCfg = Release|Any CPU
		{6FAC74F5-FB43-40F8-A9F8-57B2BD88DA8E}.Release|Any CPU.Build.0 = Release|Any CPU
	EndGlobalSection
	GlobalSection(SolutionProperties) = preSolution
		HideSolutionNode = FALSE
	EndGlobalSection
	GlobalSection(ExtensibilityGlobals) = postSolution
		SolutionGuid = {D8410125-12CC-4882-ABA8-0363AF30F8DF}
	EndGlobalSection
EndGlobal
